// !$*UTF8*$!
{
	archiveVersion = 1;
	classes = {
	};
	objectVersion = 46;
	objects = {

/* Begin PBXBuildFile section */
		4B6D8B1A189ED787001C798B /* Foundation.framework in Frameworks */ = {isa = PBXBuildFile; fileRef = 4B6D8B19189ED787001C798B /* Foundation.framework */; };
		4B6D8B1C189ED787001C798B /* CoreGraphics.framework in Frameworks */ = {isa = PBXBuildFile; fileRef = 4B6D8B1B189ED787001C798B /* CoreGraphics.framework */; };
		4B6D8B1E189ED787001C798B /* UIKit.framework in Frameworks */ = {isa = PBXBuildFile; fileRef = 4B6D8B1D189ED787001C798B /* UIKit.framework */; };
		4B6D8B24189ED787001C798B /* InfoPlist.strings in Resources */ = {isa = PBXBuildFile; fileRef = 4B6D8B22189ED787001C798B /* InfoPlist.strings */; };
		4B6D8B26189ED787001C798B /* main.m in Sources */ = {isa = PBXBuildFile; fileRef = 4B6D8B25189ED787001C798B /* main.m */; };
		4B6D8B2A189ED787001C798B /* cdkAppDelegate.m in Sources */ = {isa = PBXBuildFile; fileRef = 4B6D8B29189ED787001C798B /* cdkAppDelegate.m */; };
		4B6D8B2D189ED787001C798B /* Main_iPhone.storyboard in Resources */ = {isa = PBXBuildFile; fileRef = 4B6D8B2B189ED787001C798B /* Main_iPhone.storyboard */; };
		4B6D8B33189ED787001C798B /* cdkViewController.m in Sources */ = {isa = PBXBuildFile; fileRef = 4B6D8B32189ED787001C798B /* cdkViewController.m */; };
		4B6D8B35189ED787001C798B /* Images.xcassets in Resources */ = {isa = PBXBuildFile; fileRef = 4B6D8B34189ED787001C798B /* Images.xcassets */; };
		4B6D8B3C189ED787001C798B /* XCTest.framework in Frameworks */ = {isa = PBXBuildFile; fileRef = 4B6D8B3B189ED787001C798B /* XCTest.framework */; };
		4B6D8B3D189ED787001C798B /* Foundation.framework in Frameworks */ = {isa = PBXBuildFile; fileRef = 4B6D8B19189ED787001C798B /* Foundation.framework */; };
		4B6D8B3E189ED787001C798B /* UIKit.framework in Frameworks */ = {isa = PBXBuildFile; fileRef = 4B6D8B1D189ED787001C798B /* UIKit.framework */; };
		4B6D8B46189ED787001C798B /* InfoPlist.strings in Resources */ = {isa = PBXBuildFile; fileRef = 4B6D8B44189ED787001C798B /* InfoPlist.strings */; };
		4B6D8B48189ED787001C798B /* WeatherVainTests.m in Sources */ = {isa = PBXBuildFile; fileRef = 4B6D8B47189ED787001C798B /* WeatherVainTests.m */; };
/* End PBXBuildFile section */

/* Begin PBXContainerItemProxy section */
		4B6D8B3F189ED787001C798B /* PBXContainerItemProxy */ = {
			isa = PBXContainerItemProxy;
			containerPortal = 4B6D8B0E189ED787001C798B /* Project object */;
			proxyType = 1;
			remoteGlobalIDString = 4B6D8B15189ED787001C798B;
			remoteInfo = WeatherVain;
		};
/* End PBXContainerItemProxy section */

/* Begin PBXFileReference section */
		4B6D8B16189ED787001C798B /* WeatherVain.app */ = {isa = PBXFileReference; explicitFileType = wrapper.application; includeInIndex = 0; path = WeatherVain.app; sourceTree = BUILT_PRODUCTS_DIR; };
		4B6D8B19189ED787001C798B /* Foundation.framework */ = {isa = PBXFileReference; lastKnownFileType = wrapper.framework; name = Foundation.framework; path = System/Library/Frameworks/Foundation.framework; sourceTree = SDKROOT; };
		4B6D8B1B189ED787001C798B /* CoreGraphics.framework */ = {isa = PBXFileReference; lastKnownFileType = wrapper.framework; name = CoreGraphics.framework; path = System/Library/Frameworks/CoreGraphics.framework; sourceTree = SDKROOT; };
		4B6D8B1D189ED787001C798B /* UIKit.framework */ = {isa = PBXFileReference; lastKnownFileType = wrapper.framework; name = UIKit.framework; path = System/Library/Frameworks/UIKit.framework; sourceTree = SDKROOT; };
		4B6D8B21189ED787001C798B /* WeatherVain-Info.plist */ = {isa = PBXFileReference; lastKnownFileType = text.plist.xml; path = "WeatherVain-Info.plist"; sourceTree = "<group>"; };
		4B6D8B23189ED787001C798B /* en */ = {isa = PBXFileReference; lastKnownFileType = text.plist.strings; name = en; path = en.lproj/InfoPlist.strings; sourceTree = "<group>"; };
		4B6D8B25189ED787001C798B /* main.m */ = {isa = PBXFileReference; lastKnownFileType = sourcecode.c.objc; path = main.m; sourceTree = "<group>"; };
		4B6D8B27189ED787001C798B /* WeatherVain-Prefix.pch */ = {isa = PBXFileReference; lastKnownFileType = sourcecode.c.h; path = "WeatherVain-Prefix.pch"; sourceTree = "<group>"; };
		4B6D8B28189ED787001C798B /* cdkAppDelegate.h */ = {isa = PBXFileReference; lastKnownFileType = sourcecode.c.h; path = cdkAppDelegate.h; sourceTree = "<group>"; };
		4B6D8B29189ED787001C798B /* cdkAppDelegate.m */ = {isa = PBXFileReference; lastKnownFileType = sourcecode.c.objc; path = cdkAppDelegate.m; sourceTree = "<group>"; };
		4B6D8B2C189ED787001C798B /* Base */ = {isa = PBXFileReference; lastKnownFileType = file.storyboard; name = Base; path = Base.lproj/Main_iPhone.storyboard; sourceTree = "<group>"; };
		4B6D8B31189ED787001C798B /* cdkViewController.h */ = {isa = PBXFileReference; lastKnownFileType = sourcecode.c.h; path = cdkViewController.h; sourceTree = "<group>"; };
		4B6D8B32189ED787001C798B /* cdkViewController.m */ = {isa = PBXFileReference; lastKnownFileType = sourcecode.c.objc; path = cdkViewController.m; sourceTree = "<group>"; };
		4B6D8B34189ED787001C798B /* Images.xcassets */ = {isa = PBXFileReference; lastKnownFileType = folder.assetcatalog; path = Images.xcassets; sourceTree = "<group>"; };
		4B6D8B3A189ED787001C798B /* WeatherVainTests.xctest */ = {isa = PBXFileReference; explicitFileType = wrapper.cfbundle; includeInIndex = 0; path = WeatherVainTests.xctest; sourceTree = BUILT_PRODUCTS_DIR; };
		4B6D8B3B189ED787001C798B /* XCTest.framework */ = {isa = PBXFileReference; lastKnownFileType = wrapper.framework; name = XCTest.framework; path = Library/Frameworks/XCTest.framework; sourceTree = DEVELOPER_DIR; };
		4B6D8B43189ED787001C798B /* WeatherVainTests-Info.plist */ = {isa = PBXFileReference; lastKnownFileType = text.plist.xml; path = "WeatherVainTests-Info.plist"; sourceTree = "<group>"; };
		4B6D8B45189ED787001C798B /* en */ = {isa = PBXFileReference; lastKnownFileType = text.plist.strings; name = en; path = en.lproj/InfoPlist.strings; sourceTree = "<group>"; };
		4B6D8B47189ED787001C798B /* WeatherVainTests.m */ = {isa = PBXFileReference; lastKnownFileType = sourcecode.c.objc; path = WeatherVainTests.m; sourceTree = "<group>"; };
/* End PBXFileReference section */

/* Begin PBXFrameworksBuildPhase section */
		4B6D8B13189ED787001C798B /* Frameworks */ = {
			isa = PBXFrameworksBuildPhase;
			buildActionMask = 2147483647;
			files = (
				4B6D8B1C189ED787001C798B /* CoreGraphics.framework in Frameworks */,
				4B6D8B1E189ED787001C798B /* UIKit.framework in Frameworks */,
				4B6D8B1A189ED787001C798B /* Foundation.framework in Frameworks */,
			);
			runOnlyForDeploymentPostprocessing = 0;
		};
		4B6D8B37189ED787001C798B /* Frameworks */ = {
			isa = PBXFrameworksBuildPhase;
			buildActionMask = 2147483647;
			files = (
				4B6D8B3C189ED787001C798B /* XCTest.framework in Frameworks */,
				4B6D8B3E189ED787001C798B /* UIKit.framework in Frameworks */,
				4B6D8B3D189ED787001C798B /* Foundation.framework in Frameworks */,
			);
			runOnlyForDeploymentPostprocessing = 0;
		};
/* End PBXFrameworksBuildPhase section */

/* Begin PBXGroup section */
		4B6D8B0D189ED787001C798B = {
			isa = PBXGroup;
			children = (
				4B6D8B1F189ED787001C798B /* WeatherVain */,
				4B6D8B41189ED787001C798B /* WeatherVainTests */,
				4B6D8B18189ED787001C798B /* Frameworks */,
				4B6D8B17189ED787001C798B /* Products */,
			);
			sourceTree = "<group>";
		};
		4B6D8B17189ED787001C798B /* Products */ = {
			isa = PBXGroup;
			children = (
				4B6D8B16189ED787001C798B /* WeatherVain.app */,
				4B6D8B3A189ED787001C798B /* WeatherVainTests.xctest */,
			);
			name = Products;
			sourceTree = "<group>";
		};
		4B6D8B18189ED787001C798B /* Frameworks */ = {
			isa = PBXGroup;
			children = (
				4B6D8B19189ED787001C798B /* Foundation.framework */,
				4B6D8B1B189ED787001C798B /* CoreGraphics.framework */,
				4B6D8B1D189ED787001C798B /* UIKit.framework */,
				4B6D8B3B189ED787001C798B /* XCTest.framework */,
			);
			name = Frameworks;
			sourceTree = "<group>";
		};
		4B6D8B1F189ED787001C798B /* WeatherVain */ = {
			isa = PBXGroup;
			children = (
				4B6D8B28189ED787001C798B /* cdkAppDelegate.h */,
				4B6D8B29189ED787001C798B /* cdkAppDelegate.m */,
				4B6D8B2B189ED787001C798B /* Main_iPhone.storyboard */,
				4B6D8B31189ED787001C798B /* cdkViewController.h */,
				4B6D8B32189ED787001C798B /* cdkViewController.m */,
				4B6D8B34189ED787001C798B /* Images.xcassets */,
				4B6D8B20189ED787001C798B /* Supporting Files */,
			);
			path = WeatherVain;
			sourceTree = "<group>";
		};
		4B6D8B20189ED787001C798B /* Supporting Files */ = {
			isa = PBXGroup;
			children = (
				4B6D8B21189ED787001C798B /* WeatherVain-Info.plist */,
				4B6D8B22189ED787001C798B /* InfoPlist.strings */,
				4B6D8B25189ED787001C798B /* main.m */,
				4B6D8B27189ED787001C798B /* WeatherVain-Prefix.pch */,
			);
			name = "Supporting Files";
			sourceTree = "<group>";
		};
		4B6D8B41189ED787001C798B /* WeatherVainTests */ = {
			isa = PBXGroup;
			children = (
				4B6D8B47189ED787001C798B /* WeatherVainTests.m */,
				4B6D8B42189ED787001C798B /* Supporting Files */,
			);
			path = WeatherVainTests;
			sourceTree = "<group>";
		};
		4B6D8B42189ED787001C798B /* Supporting Files */ = {
			isa = PBXGroup;
			children = (
				4B6D8B43189ED787001C798B /* WeatherVainTests-Info.plist */,
				4B6D8B44189ED787001C798B /* InfoPlist.strings */,
			);
			name = "Supporting Files";
			sourceTree = "<group>";
		};
/* End PBXGroup section */

/* Begin PBXNativeTarget section */
		4B6D8B15189ED787001C798B /* WeatherVain */ = {
			isa = PBXNativeTarget;
			buildConfigurationList = 4B6D8B4B189ED787001C798B /* Build configuration list for PBXNativeTarget "WeatherVain" */;
			buildPhases = (
				4B6D8B12189ED787001C798B /* Sources */,
				4B6D8B13189ED787001C798B /* Frameworks */,
				4B6D8B14189ED787001C798B /* Resources */,
			);
			buildRules = (
			);
			dependencies = (
			);
			name = WeatherVain;
			productName = WeatherVain;
			productReference = 4B6D8B16189ED787001C798B /* WeatherVain.app */;
			productType = "com.apple.product-type.application";
		};
		4B6D8B39189ED787001C798B /* WeatherVainTests */ = {
			isa = PBXNativeTarget;
			buildConfigurationList = 4B6D8B4E189ED787001C798B /* Build configuration list for PBXNativeTarget "WeatherVainTests" */;
			buildPhases = (
				4B6D8B36189ED787001C798B /* Sources */,
				4B6D8B37189ED787001C798B /* Frameworks */,
				4B6D8B38189ED787001C798B /* Resources */,
			);
			buildRules = (
			);
			dependencies = (
				4B6D8B40189ED787001C798B /* PBXTargetDependency */,
			);
			name = WeatherVainTests;
			productName = WeatherVainTests;
			productReference = 4B6D8B3A189ED787001C798B /* WeatherVainTests.xctest */;
			productType = "com.apple.product-type.bundle.unit-test";
		};
/* End PBXNativeTarget section */

/* Begin PBXProject section */
		4B6D8B0E189ED787001C798B /* Project object */ = {
			isa = PBXProject;
			attributes = {
				CLASSPREFIX = cdk;
				LastUpgradeCheck = 0500;
				ORGANIZATIONNAME = "Carlos Hernandez";
				TargetAttributes = {
					4B6D8B39189ED787001C798B = {
						TestTargetID = 4B6D8B15189ED787001C798B;
					};
				};
			};
			buildConfigurationList = 4B6D8B11189ED787001C798B /* Build configuration list for PBXProject "WeatherVain" */;
			compatibilityVersion = "Xcode 3.2";
			developmentRegion = English;
			hasScannedForEncodings = 0;
			knownRegions = (
				en,
				Base,
			);
			mainGroup = 4B6D8B0D189ED787001C798B;
			productRefGroup = 4B6D8B17189ED787001C798B /* Products */;
			projectDirPath = "";
			projectRoot = "";
			targets = (
				4B6D8B15189ED787001C798B /* WeatherVain */,
				4B6D8B39189ED787001C798B /* WeatherVainTests */,
			);
		};
/* End PBXProject section */

/* Begin PBXResourcesBuildPhase section */
		4B6D8B14189ED787001C798B /* Resources */ = {
			isa = PBXResourcesBuildPhase;
			buildActionMask = 2147483647;
			files = (
				4B6D8B35189ED787001C798B /* Images.xcassets in Resources */,
				4B6D8B2D189ED787001C798B /* Main_iPhone.storyboard in Resources */,
				4B6D8B24189ED787001C798B /* InfoPlist.strings in Resources */,
			);
			runOnlyForDeploymentPostprocessing = 0;
		};
		4B6D8B38189ED787001C798B /* Resources */ = {
			isa = PBXResourcesBuildPhase;
			buildActionMask = 2147483647;
			files = (
				4B6D8B46189ED787001C798B /* InfoPlist.strings in Resources */,
			);
			runOnlyForDeploymentPostprocessing = 0;
		};
/* End PBXResourcesBuildPhase section */

/* Begin PBXSourcesBuildPhase section */
		4B6D8B12189ED787001C798B /* Sources */ = {
			isa = PBXSourcesBuildPhase;
			buildActionMask = 2147483647;
			files = (
				4B6D8B26189ED787001C798B /* main.m in Sources */,
				4B6D8B2A189ED787001C798B /* cdkAppDelegate.m in Sources */,
				4B6D8B33189ED787001C798B /* cdkViewController.m in Sources */,
			);
			runOnlyForDeploymentPostprocessing = 0;
		};
		4B6D8B36189ED787001C798B /* Sources */ = {
			isa = PBXSourcesBuildPhase;
			buildActionMask = 2147483647;
			files = (
				4B6D8B48189ED787001C798B /* WeatherVainTests.m in Sources */,
			);
			runOnlyForDeploymentPostprocessing = 0;
		};
/* End PBXSourcesBuildPhase section */

/* Begin PBXTargetDependency section */
		4B6D8B40189ED787001C798B /* PBXTargetDependency */ = {
			isa = PBXTargetDependency;
			target = 4B6D8B15189ED787001C798B /* WeatherVain */;
			targetProxy = 4B6D8B3F189ED787001C798B /* PBXContainerItemProxy */;
		};
/* End PBXTargetDependency section */

/* Begin PBXVariantGroup section */
		4B6D8B22189ED787001C798B /* InfoPlist.strings */ = {
			isa = PBXVariantGroup;
			children = (
				4B6D8B23189ED787001C798B /* en */,
			);
			name = InfoPlist.strings;
			sourceTree = "<group>";
		};
		4B6D8B2B189ED787001C798B /* Main_iPhone.storyboard */ = {
			isa = PBXVariantGroup;
			children = (
				4B6D8B2C189ED787001C798B /* Base */,
			);
			name = Main_iPhone.storyboard;
			sourceTree = "<group>";
		};
		4B6D8B44189ED787001C798B /* InfoPlist.strings */ = {
			isa = PBXVariantGroup;
			children = (
				4B6D8B45189ED787001C798B /* en */,
			);
			name = InfoPlist.strings;
			sourceTree = "<group>";
		};
/* End PBXVariantGroup section */

/* Begin XCBuildConfiguration section */
		4B6D8B49189ED787001C798B /* Debug */ = {
			isa = XCBuildConfiguration;
			buildSettings = {
				ALWAYS_SEARCH_USER_PATHS = NO;
				ARCHS = "$(ARCHS_STANDARD_INCLUDING_64_BIT)";
				CLANG_CXX_LANGUAGE_STANDARD = "gnu++0x";
				CLANG_CXX_LIBRARY = "libc++";
				CLANG_ENABLE_MODULES = YES;
				CLANG_ENABLE_OBJC_ARC = YES;
				CLANG_WARN_BOOL_CONVERSION = YES;
				CLANG_WARN_CONSTANT_CONVERSION = YES;
				CLANG_WARN_DIRECT_OBJC_ISA_USAGE = YES_ERROR;
				CLANG_WARN_EMPTY_BODY = YES;
				CLANG_WARN_ENUM_CONVERSION = YES;
				CLANG_WARN_INT_CONVERSION = YES;
				CLANG_WARN_OBJC_ROOT_CLASS = YES_ERROR;
				CLANG_WARN__DUPLICATE_METHOD_MATCH = YES;
				"CODE_SIGN_IDENTITY[sdk=iphoneos*]" = "iPhone Developer";
				COPY_PHASE_STRIP = NO;
				GCC_C_LANGUAGE_STANDARD = gnu99;
				GCC_DYNAMIC_NO_PIC = NO;
				GCC_OPTIMIZATION_LEVEL = 0;
				GCC_PREPROCESSOR_DEFINITIONS = (
					"DEBUG=1",
					"$(inherited)",
				);
				GCC_SYMBOLS_PRIVATE_EXTERN = NO;
				GCC_WARN_64_TO_32_BIT_CONVERSION = YES;
				GCC_WARN_ABOUT_RETURN_TYPE = YES_ERROR;
				GCC_WARN_UNDECLARED_SELECTOR = YES;
				GCC_WARN_UNINITIALIZED_AUTOS = YES;
				GCC_WARN_UNUSED_FUNCTION = YES;
				GCC_WARN_UNUSED_VARIABLE = YES;
				IPHONEOS_DEPLOYMENT_TARGET = 7.0;
				ONLY_ACTIVE_ARCH = YES;
				SDKROOT = iphoneos;
				TARGETED_DEVICE_FAMILY = "1,2";
			};
			name = Debug;
		};
		4B6D8B4A189ED787001C798B /* Release */ = {
			isa = XCBuildConfiguration;
			buildSettings = {
				ALWAYS_SEARCH_USER_PATHS = NO;
				ARCHS = "$(ARCHS_STANDARD_INCLUDING_64_BIT)";
				CLANG_CXX_LANGUAGE_STANDARD = "gnu++0x";
				CLANG_CXX_LIBRARY = "libc++";
				CLANG_ENABLE_MODULES = YES;
				CLANG_ENABLE_OBJC_ARC = YES;
				CLANG_WARN_BOOL_CONVERSION = YES;
				CLANG_WARN_CONSTANT_CONVERSION = YES;
				CLANG_WARN_DIRECT_OBJC_ISA_USAGE = YES_ERROR;
				CLANG_WARN_EMPTY_BODY = YES;
				CLANG_WARN_ENUM_CONVERSION = YES;
				CLANG_WARN_INT_CONVERSION = YES;
				CLANG_WARN_OBJC_ROOT_CLASS = YES_ERROR;
				CLANG_WARN__DUPLICATE_METHOD_MATCH = YES;
				"CODE_SIGN_IDENTITY[sdk=iphoneos*]" = "iPhone Developer";
				COPY_PHASE_STRIP = YES;
				ENABLE_NS_ASSERTIONS = NO;
				GCC_C_LANGUAGE_STANDARD = gnu99;
				GCC_WARN_64_TO_32_BIT_CONVERSION = YES;
				GCC_WARN_ABOUT_RETURN_TYPE = YES_ERROR;
				GCC_WARN_UNDECLARED_SELECTOR = YES;
				GCC_WARN_UNINITIALIZED_AUTOS = YES;
				GCC_WARN_UNUSED_FUNCTION = YES;
				GCC_WARN_UNUSED_VARIABLE = YES;
				IPHONEOS_DEPLOYMENT_TARGET = 7.0;
				SDKROOT = iphoneos;
				TARGETED_DEVICE_FAMILY = "1,2";
				VALIDATE_PRODUCT = YES;
			};
			name = Release;
		};
		4B6D8B4C189ED787001C798B /* Debug */ = {
			isa = XCBuildConfiguration;
			buildSettings = {
				ASSETCATALOG_COMPILER_APPICON_NAME = AppIcon;
				ASSETCATALOG_COMPILER_LAUNCHIMAGE_NAME = LaunchImage;
				GCC_PRECOMPILE_PREFIX_HEADER = YES;
				GCC_PREFIX_HEADER = "WeatherVain/WeatherVain-Prefix.pch";
				INFOPLIST_FILE = "WeatherVain/WeatherVain-Info.plist";
				PRODUCT_NAME = "$(TARGET_NAME)";
				WRAPPER_EXTENSION = app;
			};
			name = Debug;
		};
		4B6D8B4D189ED787001C798B /* Release */ = {
			isa = XCBuildConfiguration;
			buildSettings = {
				ASSETCATALOG_COMPILER_APPICON_NAME = AppIcon;
				ASSETCATALOG_COMPILER_LAUNCHIMAGE_NAME = LaunchImage;
				GCC_PRECOMPILE_PREFIX_HEADER = YES;
				GCC_PREFIX_HEADER = "WeatherVain/WeatherVain-Prefix.pch";
				INFOPLIST_FILE = "WeatherVain/WeatherVain-Info.plist";
				PRODUCT_NAME = "$(TARGET_NAME)";
				WRAPPER_EXTENSION = app;
			};
			name = Release;
		};
		4B6D8B4F189ED787001C798B /* Debug */ = {
			isa = XCBuildConfiguration;
			buildSettings = {
				ARCHS = "$(ARCHS_STANDARD_INCLUDING_64_BIT)";
				BUNDLE_LOADER = "$(BUILT_PRODUCTS_DIR)/WeatherVain.app/WeatherVain";
				FRAMEWORK_SEARCH_PATHS = (
					"$(SDKROOT)/Developer/Library/Frameworks",
					"$(inherited)",
					"$(DEVELOPER_FRAMEWORKS_DIR)",
				);
				GCC_PRECOMPILE_PREFIX_HEADER = YES;
				GCC_PREFIX_HEADER = "WeatherVain/WeatherVain-Prefix.pch";
				GCC_PREPROCESSOR_DEFINITIONS = (
					"DEBUG=1",
					"$(inherited)",
				);
				INFOPLIST_FILE = "WeatherVainTests/WeatherVainTests-Info.plist";
				PRODUCT_NAME = "$(TARGET_NAME)";
				TEST_HOST = "$(BUNDLE_LOADER)";
				WRAPPER_EXTENSION = xctest;
			};
			name = Debug;
		};
		4B6D8B50189ED787001C798B /* Release */ = {
			isa = XCBuildConfiguration;
			buildSettings = {
				ARCHS = "$(ARCHS_STANDARD_INCLUDING_64_BIT)";
				BUNDLE_LOADER = "$(BUILT_PRODUCTS_DIR)/WeatherVain.app/WeatherVain";
				FRAMEWORK_SEARCH_PATHS = (
					"$(SDKROOT)/Developer/Library/Frameworks",
					"$(inherited)",
					"$(DEVELOPER_FRAMEWORKS_DIR)",
				);
				GCC_PRECOMPILE_PREFIX_HEADER = YES;
				GCC_PREFIX_HEADER = "WeatherVain/WeatherVain-Prefix.pch";
				INFOPLIST_FILE = "WeatherVainTests/WeatherVainTests-Info.plist";
				PRODUCT_NAME = "$(TARGET_NAME)";
				TEST_HOST = "$(BUNDLE_LOADER)";
				WRAPPER_EXTENSION = xctest;
			};
			name = Release;
		};
/* End XCBuildConfiguration section */

/* Begin XCConfigurationList section */
		4B6D8B11189ED787001C798B /* Build configuration list for PBXProject "WeatherVain" */ = {
			isa = XCConfigurationList;
			buildConfigurations = (
				4B6D8B49189ED787001C798B /* Debug */,
				4B6D8B4A189ED787001C798B /* Release */,
			);
			defaultConfigurationIsVisible = 0;
			defaultConfigurationName = Release;
		};
		4B6D8B4B189ED787001C798B /* Build configuration list for PBXNativeTarget "WeatherVain" */ = {
			isa = XCConfigurationList;
			buildConfigurations = (
				4B6D8B4C189ED787001C798B /* Debug */,
				4B6D8B4D189ED787001C798B /* Release */,
			);
			defaultConfigurationIsVisible = 0;
			defaultConfigurationName = Release;
		};
		4B6D8B4E189ED787001C798B /* Build configuration list for PBXNativeTarget "WeatherVainTests" */ = {
			isa = XCConfigurationList;
			buildConfigurations = (
				4B6D8B4F189ED787001C798B /* Debug */,
				4B6D8B50189ED787001C798B /* Release */,
			);
			defaultConfigurationIsVisible = 0;
			defaultConfigurationName = Release;
		};
/* End XCConfigurationList section */
	};
	rootObject = 4B6D8B0E189ED787001C798B /* Project object */;
}
